
Microsoft Visual Studio Solution File, Format Version 12.00
# Visual Studio Version 17
VisualStudioVersion = 17.14.36212.18
MinimumVisualStudioVersion = 10.0.40219.1
Project("{FAE04EC0-301F-11D3-BF4B-00C04F79EFBC}") = "BlaisePascal.SmartHouse.Console", "..\..\smarthouse-pirini_poni_romagnoli-main\smarthouse-pirini_poni_romagnoli-main\src\BlaisePascal.SmartHouse.Console\BlaisePascal.SmartHouse.Console.csproj", "{28EF8029-E4AD-2176-321D-8D69C411EAAC}"
EndProject
Project("{FAE04EC0-301F-11D3-BF4B-00C04F79EFBC}") = "BlaisePascal.SmartHouse.Domain", "..\..\smarthouse-pirini_poni_romagnoli-main\smarthouse-pirini_poni_romagnoli-main\src\BlaisePascal.SmartHouse.Domain\BlaisePascal.SmartHouse.Domain.csproj", "{60C3263F-3213-53B5-C0D0-325046552063}"
EndProject
Global
	GlobalSection(SolutionConfigurationPlatforms) = preSolution
		Debug|Any CPU = Debug|Any CPU
		Release|Any CPU = Release|Any CPU
	EndGlobalSection
	GlobalSection(ProjectConfigurationPlatforms) = postSolution
		{28EF8029-E4AD-2176-321D-8D69C411EAAC}.Debug|Any CPU.ActiveCfg = Debug|Any CPU
		{28EF8029-E4AD-2176-321D-8D69C411EAAC}.Debug|Any CPU.Build.0 = Debug|Any CPU
		{28EF8029-E4AD-2176-321D-8D69C411EAAC}.Release|Any CPU.ActiveCfg = Release|Any CPU
		{28EF8029-E4AD-2176-321D-8D69C411EAAC}.Release|Any CPU.Build.0 = Release|Any CPU
		{60C3263F-3213-53B5-C0D0-325046552063}.Debug|Any CPU.ActiveCfg = Debug|Any CPU
		{60C3263F-3213-53B5-C0D0-325046552063}.Debug|Any CPU.Build.0 = Debug|Any CPU
		{60C3263F-3213-53B5-C0D0-325046552063}.Release|Any CPU.ActiveCfg = Release|Any CPU
		{60C3263F-3213-53B5-C0D0-325046552063}.Release|Any CPU.Build.0 = Release|Any CPU
	EndGlobalSection
	GlobalSection(SolutionProperties) = preSolution
		HideSolutionNode = FALSE
	EndGlobalSection
	GlobalSection(ExtensibilityGlobals) = postSolution
		SolutionGuid = {664F6CDA-7A16-4475-9D88-3E535D40D7F4}
	EndGlobalSection
EndGlobal
